// !$*UTF8*$!
{
	archiveVersion = 1;
	classes = {
	};
	objectVersion = 77;
	objects = {

/* Begin PBXBuildFile section */
		0311FFA02EE89818006A0914 /* FirebaseAnalytics in Frameworks */ = {isa = PBXBuildFile; productRef = 0311FF9F2EE89818006A0914 /* FirebaseAnalytics */; };
		0311FFA22EE89818006A0914 /* FirebaseAuth in Frameworks */ = {isa = PBXBuildFile; productRef = 0311FFA12EE89818006A0914 /* FirebaseAuth */; };
		0311FFA42EE89818006A0914 /* FirebaseFirestore in Frameworks */ = {isa = PBXBuildFile; productRef = 0311FFA32EE89818006A0914 /* FirebaseFirestore */; };
		0311FFBF2EE8A832006A0914 /* GoogleSignIn in Frameworks */ = {isa = PBXBuildFile; productRef = 0311FFBE2EE8A832006A0914 /* GoogleSignIn */; };
/* End PBXBuildFile section */

/* Begin PBXContainerItemProxy section */
		03A2D0FF2EA7911700198214 /* PBXContainerItemProxy */ = {
			isa = PBXContainerItemProxy;
			containerPortal = 03A2D0E92EA7911500198214 /* Project object */;
			proxyType = 1;
			remoteGlobalIDString = 03A2D0F02EA7911500198214;
			remoteInfo = FoodLens;
		};
		03A2D1092EA7911700198214 /* PBXContainerItemProxy */ = {
			isa = PBXContainerItemProxy;
			containerPortal = 03A2D0E92EA7911500198214 /* Project object */;
			proxyType = 1;
			remoteGlobalIDString = 03A2D0F02EA7911500198214;
			remoteInfo = FoodLens;
		};
/* End PBXContainerItemProxy section */

/* Begin PBXFileReference section */
		03A2D0F12EA7911500198214 /* FoodLens.app */ = {isa = PBXFileReference; explicitFileType = wrapper.application; includeInIndex = 0; path = FoodLens.app; sourceTree = BUILT_PRODUCTS_DIR; };
		03A2D0FE2EA7911700198214 /* FoodLensTests.xctest */ = {isa = PBXFileReference; explicitFileType = wrapper.cfbundle; includeInIndex = 0; path = FoodLensTests.xctest; sourceTree = BUILT_PRODUCTS_DIR; };
		03A2D1082EA7911700198214 /* FoodLensUITests.xctest */ = {isa = PBXFileReference; explicitFileType = wrapper.cfbundle; includeInIndex = 0; path = FoodLensUITests.xctest; sourceTree = BUILT_PRODUCTS_DIR; };
/* End PBXFileReference section */

/* Begin PBXFileSystemSynchronizedBuildFileExceptionSet section */
		0311FFBD2EE8A6AA006A0914 /* Exceptions for "FoodLens" folder in "FoodLens" target */ = {
			isa = PBXFileSystemSynchronizedBuildFileExceptionSet;
			membershipExceptions = (
				Info.plist,
			);
			target = 03A2D0F02EA7911500198214 /* FoodLens */;
		};
/* End PBXFileSystemSynchronizedBuildFileExceptionSet section */

/* Begin PBXFileSystemSynchronizedRootGroup section */
		03A2D0F32EA7911500198214 /* FoodLens */ = {
			isa = PBXFileSystemSynchronizedRootGroup;
			exceptions = (
				0311FFBD2EE8A6AA006A0914 /* Exceptions for "FoodLens" folder in "FoodLens" target */,
			);
			path = FoodLens;
			sourceTree = "<group>";
		};
		03A2D1012EA7911700198214 /* FoodLensTests */ = {
			isa = PBXFileSystemSynchronizedRootGroup;
			path = FoodLensTests;
			sourceTree = "<group>";
		};
		03A2D10B2EA7911700198214 /* FoodLensUITests */ = {
			isa = PBXFileSystemSynchronizedRootGroup;
			path = FoodLensUITests;
			sourceTree = "<group>";
		};
/* End PBXFileSystemSynchronizedRootGroup section */

/* Begin PBXFrameworksBuildPhase section */
		03A2D0EE2EA7911500198214 /* Frameworks */ = {
			isa = PBXFrameworksBuildPhase;
			buildActionMask = 2147483647;
			files = (
				0311FFA02EE89818006A0914 /* FirebaseAnalytics in Frameworks */,
				0311FFBF2EE8A832006A0914 /* GoogleSignIn in Frameworks */,
				0311FFA22EE89818006A0914 /* FirebaseAuth in Frameworks */,
				0311FFA42EE89818006A0914 /* FirebaseFirestore in Frameworks */,
			);
			runOnlyForDeploymentPostprocessing = 0;
		};
		03A2D0FB2EA7911700198214 /* Frameworks */ = {
			isa = PBXFrameworksBuildPhase;
			buildActionMask = 2147483647;
			files = (
			);
			runOnlyForDeploymentPostprocessing = 0;
		};
		03A2D1052EA7911700198214 /* Frameworks */ = {
			isa = PBXFrameworksBuildPhase;
			buildActionMask = 2147483647;
			files = (
			);
			runOnlyForDeploymentPostprocessing = 0;
		};
/* End PBXFrameworksBuildPhase section */

/* Begin PBXGroup section */
		0311FF9E2EE89818006A0914 /* Frameworks */ = {
			isa = PBXGroup;
			children = (
			);
			name = Frameworks;
			sourceTree = "<group>";
		};
		03A2D0E82EA7911500198214 = {
			isa = PBXGroup;
			children = (
				03A2D0F32EA7911500198214 /* FoodLens */,
				03A2D1012EA7911700198214 /* FoodLensTests */,
				03A2D10B2EA7911700198214 /* FoodLensUITests */,
				0311FF9E2EE89818006A0914 /* Frameworks */,
				03A2D0F22EA7911500198214 /* Products */,
			);
			sourceTree = "<group>";
		};
		03A2D0F22EA7911500198214 /* Products */ = {
			isa = PBXGroup;
			children = (
				03A2D0F12EA7911500198214 /* FoodLens.app */,
				03A2D0FE2EA7911700198214 /* FoodLensTests.xctest */,
				03A2D1082EA7911700198214 /* FoodLensUITests.xctest */,
			);
			name = Products;
			sourceTree = "<group>";
		};
/* End PBXGroup section */

/* Begin PBXNativeTarget section */
		03A2D0F02EA7911500198214 /* FoodLens */ = {
			isa = PBXNativeTarget;
			buildConfigurationList = 03A2D1122EA7911700198214 /* Build configuration list for PBXNativeTarget "FoodLens" */;
			buildPhases = (
				03A2D0ED2EA7911500198214 /* Sources */,
				03A2D0EE2EA7911500198214 /* Frameworks */,
				03A2D0EF2EA7911500198214 /* Resources */,
			);
			buildRules = (
			);
			dependencies = (
			);
			fileSystemSynchronizedGroups = (
				03A2D0F32EA7911500198214 /* FoodLens */,
			);
			name = FoodLens;
			packageProductDependencies = (
				0311FF9F2EE89818006A0914 /* FirebaseAnalytics */,
				0311FFA12EE89818006A0914 /* FirebaseAuth */,
				0311FFA32EE89818006A0914 /* FirebaseFirestore */,
				0311FFBE2EE8A832006A0914 /* GoogleSignIn */,
			);
			productName = FoodLens;
			productReference = 03A2D0F12EA7911500198214 /* FoodLens.app */;
			productType = "com.apple.product-type.application";
		};
		03A2D0FD2EA7911700198214 /* FoodLensTests */ = {
			isa = PBXNativeTarget;
			buildConfigurationList = 03A2D1152EA7911700198214 /* Build configuration list for PBXNativeTarget "FoodLensTests" */;
			buildPhases = (
				03A2D0FA2EA7911700198214 /* Sources */,
				03A2D0FB2EA7911700198214 /* Frameworks */,
				03A2D0FC2EA7911700198214 /* Resources */,
			);
			buildRules = (
			);
			dependencies = (
				03A2D1002EA7911700198214 /* PBXTargetDependency */,
			);
			fileSystemSynchronizedGroups = (
				03A2D1012EA7911700198214 /* FoodLensTests */,
			);
			name = FoodLensTests;
			packageProductDependencies = (
			);
			productName = FoodLensTests;
			productReference = 03A2D0FE2EA7911700198214 /* FoodLensTests.xctest */;
			productType = "com.apple.product-type.bundle.unit-test";
		};
		03A2D1072EA7911700198214 /* FoodLensUITests */ = {
			isa = PBXNativeTarget;
			buildConfigurationList = 03A2D1182EA7911700198214 /* Build configuration list for PBXNativeTarget "FoodLensUITests" */;
			buildPhases = (
				03A2D1042EA7911700198214 /* Sources */,
				03A2D1052EA7911700198214 /* Frameworks */,
				03A2D1062EA7911700198214 /* Resources */,
			);
			buildRules = (
			);
			dependencies = (
				03A2D10A2EA7911700198214 /* PBXTargetDependency */,
			);
			fileSystemSynchronizedGroups = (
				03A2D10B2EA7911700198214 /* FoodLensUITests */,
			);
			name = FoodLensUITests;
			packageProductDependencies = (
			);
			productName = FoodLensUITests;
			productReference = 03A2D1082EA7911700198214 /* FoodLensUITests.xctest */;
			productType = "com.apple.product-type.bundle.ui-testing";
		};
/* End PBXNativeTarget section */

/* Begin PBXProject section */
		03A2D0E92EA7911500198214 /* Project object */ = {
			isa = PBXProject;
			attributes = {
				BuildIndependentTargetsInParallel = 1;
				LastSwiftUpdateCheck = 1640;
				LastUpgradeCheck = 1640;
				TargetAttributes = {
					03A2D0F02EA7911500198214 = {
						CreatedOnToolsVersion = 16.4;
					};
					03A2D0FD2EA7911700198214 = {
						CreatedOnToolsVersion = 16.4;
						TestTargetID = 03A2D0F02EA7911500198214;
					};
					03A2D1072EA7911700198214 = {
						CreatedOnToolsVersion = 16.4;
						TestTargetID = 03A2D0F02EA7911500198214;
					};
				};
			};
			buildConfigurationList = 03A2D0EC2EA7911500198214 /* Build configuration list for PBXProject "FoodLens" */;
			developmentRegion = en;
			hasScannedForEncodings = 0;
			knownRegions = (
				en,
				Base,
			);
			mainGroup = 03A2D0E82EA7911500198214;
			minimizedProjectReferenceProxies = 1;
			packageReferences = (
				0311FF9B2EE896F0006A0914 /* XCLocalSwiftPackageReference "../../Downloads/firebase-ios-sdk-main" */,
				0311FFB82EE8A380006A0914 /* XCRemoteSwiftPackageReference "GoogleSignIn-iOS" */,
			);
			preferredProjectObjectVersion = 77;
			productRefGroup = 03A2D0F22EA7911500198214 /* Products */;
			projectDirPath = "";
			projectRoot = "";
			targets = (
				03A2D0F02EA7911500198214 /* FoodLens */,
				03A2D0FD2EA7911700198214 /* FoodLensTests */,
				03A2D1072EA7911700198214 /* FoodLensUITests */,
			);
		};
/* End PBXProject section */

/* Begin PBXResourcesBuildPhase section */
		03A2D0EF2EA7911500198214 /* Resources */ = {
			isa = PBXResourcesBuildPhase;
			buildActionMask = 2147483647;
			files = (
			);
			runOnlyForDeploymentPostprocessing = 0;
		};
		03A2D0FC2EA7911700198214 /* Resources */ = {
			isa = PBXResourcesBuildPhase;
			buildActionMask = 2147483647;
			files = (
			);
			runOnlyForDeploymentPostprocessing = 0;
		};
		03A2D1062EA7911700198214 /* Resources */ = {
			isa = PBXResourcesBuildPhase;
			buildActionMask = 2147483647;
			files = (
			);
			runOnlyForDeploymentPostprocessing = 0;
		};
/* End PBXResourcesBuildPhase section */

/* Begin PBXSourcesBuildPhase section */
		03A2D0ED2EA7911500198214 /* Sources */ = {
			isa = PBXSourcesBuildPhase;
			buildActionMask = 2147483647;
			files = (
			);
			runOnlyForDeploymentPostprocessing = 0;
		};
		03A2D0FA2EA7911700198214 /* Sources */ = {
			isa = PBXSourcesBuildPhase;
			buildActionMask = 2147483647;
			files = (
			);
			runOnlyForDeploymentPostprocessing = 0;
		};
		03A2D1042EA7911700198214 /* Sources */ = {
			isa = PBXSourcesBuildPhase;
			buildActionMask = 2147483647;
			files = (
			);
			runOnlyForDeploymentPostprocessing = 0;
		};
/* End PBXSourcesBuildPhase section */

/* Begin PBXTargetDependency section */
		03A2D1002EA7911700198214 /* PBXTargetDependency */ = {
			isa = PBXTargetDependency;
			target = 03A2D0F02EA7911500198214 /* FoodLens */;
			targetProxy = 03A2D0FF2EA7911700198214 /* PBXContainerItemProxy */;
		};
		03A2D10A2EA7911700198214 /* PBXTargetDependency */ = {
			isa = PBXTargetDependency;
			target = 03A2D0F02EA7911500198214 /* FoodLens */;
			targetProxy = 03A2D1092EA7911700198214 /* PBXContainerItemProxy */;
		};
/* End PBXTargetDependency section */

/* Begin XCBuildConfiguration section */
		03A2D1102EA7911700198214 /* Debug */ = {
			isa = XCBuildConfiguration;
			buildSettings = {
				ALWAYS_SEARCH_USER_PATHS = NO;
				ASSETCATALOG_COMPILER_GENERATE_SWIFT_ASSET_SYMBOL_EXTENSIONS = YES;
				CLANG_ANALYZER_NONNULL = YES;
				CLANG_ANALYZER_NUMBER_OBJECT_CONVERSION = YES_AGGRESSIVE;
				CLANG_CXX_LANGUAGE_STANDARD = "gnu++20";
				CLANG_ENABLE_MODULES = YES;
				CLANG_ENABLE_OBJC_ARC = YES;
				CLANG_ENABLE_OBJC_WEAK = YES;
				CLANG_WARN_BLOCK_CAPTURE_AUTORELEASING = YES;
				CLANG_WARN_BOOL_CONVERSION = YES;
				CLANG_WARN_COMMA = YES;
				CLANG_WARN_CONSTANT_CONVERSION = YES;
				CLANG_WARN_DEPRECATED_OBJC_IMPLEMENTATIONS = YES;
				CLANG_WARN_DIRECT_OBJC_ISA_USAGE = YES_ERROR;
				CLANG_WARN_DOCUMENTATION_COMMENTS = YES;
				CLANG_WARN_EMPTY_BODY = YES;
				CLANG_WARN_ENUM_CONVERSION = YES;
				CLANG_WARN_INFINITE_RECURSION = YES;
				CLANG_WARN_INT_CONVERSION = YES;
				CLANG_WARN_NON_LITERAL_NULL_CONVERSION = YES;
				CLANG_WARN_OBJC_IMPLICIT_RETAIN_SELF = YES;
				CLANG_WARN_OBJC_LITERAL_CONVERSION = YES;
				CLANG_WARN_OBJC_ROOT_CLASS = YES_ERROR;
				CLANG_WARN_QUOTED_INCLUDE_IN_FRAMEWORK_HEADER = YES;
				CLANG_WARN_RANGE_LOOP_ANALYSIS = YES;
				CLANG_WARN_STRICT_PROTOTYPES = YES;
				CLANG_WARN_SUSPICIOUS_MOVE = YES;
				CLANG_WARN_UNGUARDED_AVAILABILITY = YES_AGGRESSIVE;
				CLANG_WARN_UNREACHABLE_CODE = YES;
				CLANG_WARN__DUPLICATE_METHOD_MATCH = YES;
				COPY_PHASE_STRIP = NO;
				DEBUG_INFORMATION_FORMAT = dwarf;
				DEVELOPMENT_TEAM = X5S9875ZH3;
				ENABLE_STRICT_OBJC_MSGSEND = YES;
				ENABLE_TESTABILITY = YES;
				ENABLE_USER_SCRIPT_SANDBOXING = YES;
				GCC_C_LANGUAGE_STANDARD = gnu17;
				GCC_DYNAMIC_NO_PIC = NO;
				GCC_NO_COMMON_BLOCKS = YES;
				GCC_OPTIMIZATION_LEVEL = 0;
				GCC_PREPROCESSOR_DEFINITIONS = (
					"DEBUG=1",
					"$(inherited)",
				);
				GCC_WARN_64_TO_32_BIT_CONVERSION = YES;
				GCC_WARN_ABOUT_RETURN_TYPE = YES_ERROR;
				GCC_WARN_UNDECLARED_SELECTOR = YES;
				GCC_WARN_UNINITIALIZED_AUTOS = YES_AGGRESSIVE;
				GCC_WARN_UNUSED_FUNCTION = YES;
				GCC_WARN_UNUSED_VARIABLE = YES;
				IPHONEOS_DEPLOYMENT_TARGET = 18.5;
				LOCALIZATION_PREFERS_STRING_CATALOGS = YES;
				MTL_ENABLE_DEBUG_INFO = INCLUDE_SOURCE;
				MTL_FAST_MATH = YES;
				ONLY_ACTIVE_ARCH = YES;
				SDKROOT = iphoneos;
				SWIFT_ACTIVE_COMPILATION_CONDITIONS = "DEBUG $(inherited)";
				SWIFT_OPTIMIZATION_LEVEL = "-Onone";
			};
			name = Debug;
		};
		03A2D1112EA7911700198214 /* Release */ = {
			isa = XCBuildConfiguration;
			buildSettings = {
				ALWAYS_SEARCH_USER_PATHS = NO;
				ASSETCATALOG_COMPILER_GENERATE_SWIFT_ASSET_SYMBOL_EXTENSIONS = YES;
				CLANG_ANALYZER_NONNULL = YES;
				CLANG_ANALYZER_NUMBER_OBJECT_CONVERSION = YES_AGGRESSIVE;
				CLANG_CXX_LANGUAGE_STANDARD = "gnu++20";
				CLANG_ENABLE_MODULES = YES;
				CLANG_ENABLE_OBJC_ARC = YES;
				CLANG_ENABLE_OBJC_WEAK = YES;
				CLANG_WARN_BLOCK_CAPTURE_AUTORELEASING = YES;
				CLANG_WARN_BOOL_CONVERSION = YES;
				CLANG_WARN_COMMA = YES;
				CLANG_WARN_CONSTANT_CONVERSION = YES;
				CLANG_WARN_DEPRECATED_OBJC_IMPLEMENTATIONS = YES;
				CLANG_WARN_DIRECT_OBJC_ISA_USAGE = YES_ERROR;
				CLANG_WARN_DOCUMENTATION_COMMENTS = YES;
				CLANG_WARN_EMPTY_BODY = YES;
				CLANG_WARN_ENUM_CONVERSION = YES;
				CLANG_WARN_INFINITE_RECURSION = YES;
				CLANG_WARN_INT_CONVERSION = YES;
				CLANG_WARN_NON_LITERAL_NULL_CONVERSION = YES;
				CLANG_WARN_OBJC_IMPLICIT_RETAIN_SELF = YES;
				CLANG_WARN_OBJC_LITERAL_CONVERSION = YES;
				CLANG_WARN_OBJC_ROOT_CLASS = YES_ERROR;
				CLANG_WARN_QUOTED_INCLUDE_IN_FRAMEWORK_HEADER = YES;
				CLANG_WARN_RANGE_LOOP_ANALYSIS = YES;
				CLANG_WARN_STRICT_PROTOTYPES = YES;
				CLANG_WARN_SUSPICIOUS_MOVE = YES;
				CLANG_WARN_UNGUARDED_AVAILABILITY = YES_AGGRESSIVE;
				CLANG_WARN_UNREACHABLE_CODE = YES;
				CLANG_WARN__DUPLICATE_METHOD_MATCH = YES;
				COPY_PHASE_STRIP = NO;
				DEBUG_INFORMATION_FORMAT = "dwarf-with-dsym";
				DEVELOPMENT_TEAM = X5S9875ZH3;
				ENABLE_NS_ASSERTIONS = NO;
				ENABLE_STRICT_OBJC_MSGSEND = YES;
				ENABLE_USER_SCRIPT_SANDBOXING = YES;
				GCC_C_LANGUAGE_STANDARD = gnu17;
				GCC_NO_COMMON_BLOCKS = YES;
				GCC_WARN_64_TO_32_BIT_CONVERSION = YES;
				GCC_WARN_ABOUT_RETURN_TYPE = YES_ERROR;
				GCC_WARN_UNDECLARED_SELECTOR = YES;
				GCC_WARN_UNINITIALIZED_AUTOS = YES_AGGRESSIVE;
				GCC_WARN_UNUSED_FUNCTION = YES;
				GCC_WARN_UNUSED_VARIABLE = YES;
				IPHONEOS_DEPLOYMENT_TARGET = 18.5;
				LOCALIZATION_PREFERS_STRING_CATALOGS = YES;
				MTL_ENABLE_DEBUG_INFO = NO;
				MTL_FAST_MATH = YES;
				SDKROOT = iphoneos;
				SWIFT_COMPILATION_MODE = wholemodule;
				VALIDATE_PRODUCT = YES;
			};
			name = Release;
		};
		03A2D1132EA7911700198214 /* Debug */ = {
			isa = XCBuildConfiguration;
			buildSettings = {
				ASSETCATALOG_COMPILER_APPICON_NAME = AppIcon;
				ASSETCATALOG_COMPILER_GLOBAL_ACCENT_COLOR_NAME = AccentColor;
				CODE_SIGN_ENTITLEMENTS = FoodLens/FoodLens.entitlements;
				CODE_SIGN_STYLE = Automatic;
				CURRENT_PROJECT_VERSION = 1;
				DEVELOPMENT_TEAM = X5S9875ZH3;
				ENABLE_PREVIEWS = YES;
				GENERATE_INFOPLIST_FILE = YES;
				INFOPLIST_FILE = FoodLens/Info.plist;
				INFOPLIST_KEY_UIApplicationSceneManifest_Generation = YES;
				INFOPLIST_KEY_UIApplicationSupportsIndirectInputEvents = YES;
				INFOPLIST_KEY_UILaunchScreen_Generation = YES;
				INFOPLIST_KEY_UISupportedInterfaceOrientations_iPad = "UIInterfaceOrientationPortrait UIInterfaceOrientationPortraitUpsideDown UIInterfaceOrientationLandscapeLeft UIInterfaceOrientationLandscapeRight";
				INFOPLIST_KEY_UISupportedInterfaceOrientations_iPhone = "UIInterfaceOrientationPortrait UIInterfaceOrientationLandscapeLeft UIInterfaceOrientationLandscapeRight";
				LD_RUNPATH_SEARCH_PATHS = (
					"$(inherited)",
					"@executable_path/Frameworks",
				);
				MARKETING_VERSION = 1.0;
				PRODUCT_BUNDLE_IDENTIFIER = Group.FoodLens;
				PRODUCT_NAME = "$(TARGET_NAME)";
				SWIFT_EMIT_LOC_STRINGS = YES;
				SWIFT_VERSION = 5.0;
				TARGETED_DEVICE_FAMILY = "1,2";
			};
			name = Debug;
		};
		03A2D1142EA7911700198214 /* Release */ = {
			isa = XCBuildConfiguration;
			buildSettings = {
				ASSETCATALOG_COMPILER_APPICON_NAME = AppIcon;
				ASSETCATALOG_COMPILER_GLOBAL_ACCENT_COLOR_NAME = AccentColor;
				CODE_SIGN_ENTITLEMENTS = FoodLens/FoodLens.entitlements;
				CODE_SIGN_STYLE = Automatic;
				CURRENT_PROJECT_VERSION = 1;
				DEVELOPMENT_TEAM = X5S9875ZH3;
				ENABLE_PREVIEWS = YES;
				GENERATE_INFOPLIST_FILE = YES;
				INFOPLIST_FILE = FoodLens/Info.plist;
				INFOPLIST_KEY_UIApplicationSceneManifest_Generation = YES;
				INFOPLIST_KEY_UIApplicationSupportsIndirectInputEvents = YES;
				INFOPLIST_KEY_UILaunchScreen_Generation = YES;
				INFOPLIST_KEY_UISupportedInterfaceOrientations_iPad = "UIInterfaceOrientationPortrait UIInterfaceOrientationPortraitUpsideDown UIInterfaceOrientationLandscapeLeft UIInterfaceOrientationLandscapeRight";
				INFOPLIST_KEY_UISupportedInterfaceOrientations_iPhone = "UIInterfaceOrientationPortrait UIInterfaceOrientationLandscapeLeft UIInterfaceOrientationLandscapeRight";
				LD_RUNPATH_SEARCH_PATHS = (
					"$(inherited)",
					"@executable_path/Frameworks",
				);
				MARKETING_VERSION = 1.0;
				PRODUCT_BUNDLE_IDENTIFIER = Group.FoodLens;
				PRODUCT_NAME = "$(TARGET_NAME)";
				SWIFT_EMIT_LOC_STRINGS = YES;
				SWIFT_VERSION = 5.0;
				TARGETED_DEVICE_FAMILY = "1,2";
			};
			name = Release;
		};
		03A2D1162EA7911700198214 /* Debug */ = {
			isa = XCBuildConfiguration;
			buildSettings = {
				BUNDLE_LOADER = "$(TEST_HOST)";
				CODE_SIGN_STYLE = Automatic;
				CURRENT_PROJECT_VERSION = 1;
				DEVELOPMENT_TEAM = X5S9875ZH3;
				GENERATE_INFOPLIST_FILE = YES;
				IPHONEOS_DEPLOYMENT_TARGET = 18.5;
				MARKETING_VERSION = 1.0;
				PRODUCT_BUNDLE_IDENTIFIER = Group.FoodLensTests;
				PRODUCT_NAME = "$(TARGET_NAME)";
				SWIFT_EMIT_LOC_STRINGS = NO;
				SWIFT_VERSION = 5.0;
				TARGETED_DEVICE_FAMILY = "1,2";
				TEST_HOST = "$(BUILT_PRODUCTS_DIR)/FoodLens.app/$(BUNDLE_EXECUTABLE_FOLDER_PATH)/FoodLens";
			};
			name = Debug;
		};
		03A2D1172EA7911700198214 /* Release */ = {
			isa = XCBuildConfiguration;
			buildSettings = {
				BUNDLE_LOADER = "$(TEST_HOST)";
				CODE_SIGN_STYLE = Automatic;
				CURRENT_PROJECT_VERSION = 1;
				DEVELOPMENT_TEAM = X5S9875ZH3;
				GENERATE_INFOPLIST_FILE = YES;
				IPHONEOS_DEPLOYMENT_TARGET = 18.5;
				MARKETING_VERSION = 1.0;
				PRODUCT_BUNDLE_IDENTIFIER = Group.FoodLensTests;
				PRODUCT_NAME = "$(TARGET_NAME)";
				SWIFT_EMIT_LOC_STRINGS = NO;
				SWIFT_VERSION = 5.0;
				TARGETED_DEVICE_FAMILY = "1,2";
				TEST_HOST = "$(BUILT_PRODUCTS_DIR)/FoodLens.app/$(BUNDLE_EXECUTABLE_FOLDER_PATH)/FoodLens";
			};
			name = Release;
		};
		03A2D1192EA7911700198214 /* Debug */ = {
			isa = XCBuildConfiguration;
			buildSettings = {
				CODE_SIGN_STYLE = Automatic;
				CURRENT_PROJECT_VERSION = 1;
				DEVELOPMENT_TEAM = X5S9875ZH3;
				GENERATE_INFOPLIST_FILE = YES;
				MARKETING_VERSION = 1.0;
				PRODUCT_BUNDLE_IDENTIFIER = Group.FoodLensUITests;
				PRODUCT_NAME = "$(TARGET_NAME)";
				SWIFT_EMIT_LOC_STRINGS = NO;
				SWIFT_VERSION = 5.0;
				TARGETED_DEVICE_FAMILY = "1,2";
				TEST_TARGET_NAME = FoodLens;
			};
			name = Debug;
		};
		03A2D11A2EA7911700198214 /* Release */ = {
			isa = XCBuildConfiguration;
			buildSettings = {
				CODE_SIGN_STYLE = Automatic;
				CURRENT_PROJECT_VERSION = 1;
				DEVELOPMENT_TEAM = X5S9875ZH3;
				GENERATE_INFOPLIST_FILE = YES;
				MARKETING_VERSION = 1.0;
				PRODUCT_BUNDLE_IDENTIFIER = Group.FoodLensUITests;
				PRODUCT_NAME = "$(TARGET_NAME)";
				SWIFT_EMIT_LOC_STRINGS = NO;
				SWIFT_VERSION = 5.0;
				TARGETED_DEVICE_FAMILY = "1,2";
				TEST_TARGET_NAME = FoodLens;
			};
			name = Release;
		};
/* End XCBuildConfiguration section */

/* Begin XCConfigurationList section */
		03A2D0EC2EA7911500198214 /* Build configuration list for PBXProject "FoodLens" */ = {
			isa = XCConfigurationList;
			buildConfigurations = (
				03A2D1102EA7911700198214 /* Debug */,
				03A2D1112EA7911700198214 /* Release */,
			);
			defaultConfigurationIsVisible = 0;
			defaultConfigurationName = Release;
		};
		03A2D1122EA7911700198214 /* Build configuration list for PBXNativeTarget "FoodLens" */ = {
			isa = XCConfigurationList;
			buildConfigurations = (
				03A2D1132EA7911700198214 /* Debug */,
				03A2D1142EA7911700198214 /* Release */,
			);
			defaultConfigurationIsVisible = 0;
			defaultConfigurationName = Release;
		};
		03A2D1152EA7911700198214 /* Build configuration list for PBXNativeTarget "FoodLensTests" */ = {
			isa = XCConfigurationList;
			buildConfigurations = (
				03A2D1162EA7911700198214 /* Debug */,
				03A2D1172EA7911700198214 /* Release */,
			);
			defaultConfigurationIsVisible = 0;
			defaultConfigurationName = Release;
		};
		03A2D1182EA7911700198214 /* Build configuration list for PBXNativeTarget "FoodLensUITests" */ = {
			isa = XCConfigurationList;
			buildConfigurations = (
				03A2D1192EA7911700198214 /* Debug */,
				03A2D11A2EA7911700198214 /* Release */,
			);
			defaultConfigurationIsVisible = 0;
			defaultConfigurationName = Release;
		};
/* End XCConfigurationList section */

/* Begin XCLocalSwiftPackageReference section */
		0311FF9B2EE896F0006A0914 /* XCLocalSwiftPackageReference "../../Downloads/firebase-ios-sdk-main" */ = {
			isa = XCLocalSwiftPackageReference;
			relativePath = "../../Downloads/firebase-ios-sdk-main";
		};
/* End XCLocalSwiftPackageReference section */

/* Begin XCRemoteSwiftPackageReference section */
		0311FFB82EE8A380006A0914 /* XCRemoteSwiftPackageReference "GoogleSignIn-iOS" */ = {
			isa = XCRemoteSwiftPackageReference;
			repositoryURL = "https://github.com/google/GoogleSignIn-iOS";
			requirement = {
				kind = upToNextMajorVersion;
				minimumVersion = 9.0.0;
			};
		};
/* End XCRemoteSwiftPackageReference section */

/* Begin XCSwiftPackageProductDependency section */
		0311FF9F2EE89818006A0914 /* FirebaseAnalytics */ = {
			isa = XCSwiftPackageProductDependency;
			package = 0311FF9B2EE896F0006A0914 /* XCLocalSwiftPackageReference "../../Downloads/firebase-ios-sdk-main" */;
			productName = FirebaseAnalytics;
		};
		0311FFA12EE89818006A0914 /* FirebaseAuth */ = {
			isa = XCSwiftPackageProductDependency;
			package = 0311FF9B2EE896F0006A0914 /* XCLocalSwiftPackageReference "../../Downloads/firebase-ios-sdk-main" */;
			productName = FirebaseAuth;
		};
		0311FFA32EE89818006A0914 /* FirebaseFirestore */ = {
			isa = XCSwiftPackageProductDependency;
			package = 0311FF9B2EE896F0006A0914 /* XCLocalSwiftPackageReference "../../Downloads/firebase-ios-sdk-main" */;
			productName = FirebaseFirestore;
		};
		0311FFBE2EE8A832006A0914 /* GoogleSignIn */ = {
			isa = XCSwiftPackageProductDependency;
			package = 0311FFB82EE8A380006A0914 /* XCRemoteSwiftPackageReference "GoogleSignIn-iOS" */;
			productName = GoogleSignIn;
		};
/* End XCSwiftPackageProductDependency section */
	};
	rootObject = 03A2D0E92EA7911500198214 /* Project object */;
}
